
Microsoft Visual Studio Solution File, Format Version 12.00
# Visual Studio Version 17
VisualStudioVersion = 17.14.36327.8
MinimumVisualStudioVersion = 10.0.40219.1
Project("{FAE04EC0-301F-11D3-BF4B-00C04F79EFBC}") = "ClassLibrary1", "ClassLibrary1\ClassLibrary1.csproj", "{DD0A8EE4-9EDC-4F56-89C0-803D46A2CA6D}"
EndProject
Project("{FAE04EC0-301F-11D3-BF4B-00C04F79EFBC}") = "WinFormsApp1", "WinFormsApp1\WinFormsApp1.csproj", "{D4BB437A-85E2-456C-98A6-B97F2AA492AF}"
EndProject
Global
	GlobalSection(SolutionConfigurationPlatforms) = preSolution
		Debug|Any CPU = Debug|Any CPU
		Release|Any CPU = Release|Any CPU
	EndGlobalSection
	GlobalSection(ProjectConfigurationPlatforms) = postSolution
		{DD0A8EE4-9EDC-4F56-89C0-803D46A2CA6D}.Debug|Any CPU.ActiveCfg = Debug|Any CPU
		{DD0A8EE4-9EDC-4F56-89C0-803D46A2CA6D}.Debug|Any CPU.Build.0 = Debug|Any CPU
		{DD0A8EE4-9EDC-4F56-89C0-803D46A2CA6D}.Release|Any CPU.ActiveCfg = Release|Any CPU
		{DD0A8EE4-9EDC-4F56-89C0-803D46A2CA6D}.Release|Any CPU.Build.0 = Release|Any CPU
		{D4BB437A-85E2-456C-98A6-B97F2AA492AF}.Debug|Any CPU.ActiveCfg = Debug|Any CPU
		{D4BB437A-85E2-456C-98A6-B97F2AA492AF}.Debug|Any CPU.Build.0 = Debug|Any CPU
		{D4BB437A-85E2-456C-98A6-B97F2AA492AF}.Release|Any CPU.ActiveCfg = Release|Any CPU
		{D4BB437A-85E2-456C-98A6-B97F2AA492AF}.Release|Any CPU.Build.0 = Release|Any CPU
	EndGlobalSection
	GlobalSection(SolutionProperties) = preSolution
		HideSolutionNode = FALSE
	EndGlobalSection
	GlobalSection(ExtensibilityGlobals) = postSolution
		SolutionGuid = {3D10E11E-F06E-40E8-8D97-15C618E69798}
	EndGlobalSection
EndGlobal
